
Microsoft Visual Studio Solution File, Format Version 12.00
# Visual Studio Version 17
VisualStudioVersion = 17.3.32929.385
MinimumVisualStudioVersion = 10.0.40219.1
Project("{FAE04EC0-301F-11D3-BF4B-00C04F79EFBC}") = "FonctionExercice1", "FonctionExercice1\FonctionExercice1.csproj", "{56474866-115A-41D2-A5A6-658B9667F5D3}"
EndProject
Global
	GlobalSection(SolutionConfigurationPlatforms) = preSolution
		Debug|Any CPU = Debug|Any CPU
		Release|Any CPU = Release|Any CPU
	EndGlobalSection
	GlobalSection(ProjectConfigurationPlatforms) = postSolution
		{56474866-115A-41D2-A5A6-658B9667F5D3}.Debug|Any CPU.ActiveCfg = Debug|Any CPU
		{56474866-115A-41D2-A5A6-658B9667F5D3}.Debug|Any CPU.Build.0 = Debug|Any CPU
		{56474866-115A-41D2-A5A6-658B9667F5D3}.Release|Any CPU.ActiveCfg = Release|Any CPU
		{56474866-115A-41D2-A5A6-658B9667F5D3}.Release|Any CPU.Build.0 = Release|Any CPU
	EndGlobalSection
	GlobalSection(SolutionProperties) = preSolution
		HideSolutionNode = FALSE
	EndGlobalSection
	GlobalSection(ExtensibilityGlobals) = postSolution
		SolutionGuid = {1A5196D9-8B12-4918-AAF4-8CF7B51B5732}
	EndGlobalSection
EndGlobal
